
Microsoft Visual Studio Solution File, Format Version 12.00
# Visual Studio Version 17
VisualStudioVersion = 17.8.34525.116
MinimumVisualStudioVersion = 10.0.40219.1
Project("{FAE04EC0-301F-11D3-BF4B-00C04F79EFBC}") = "MullvadController", "MullvadController.csproj", "{2756A73F-7DFA-468D-AC59-84AC6A531C40}"
EndProject
Global
	GlobalSection(SolutionConfigurationPlatforms) = preSolution
		Debug|Any CPU = Debug|Any CPU
		Release|Any CPU = Release|Any CPU
	EndGlobalSection
	GlobalSection(ProjectConfigurationPlatforms) = postSolution
		{2756A73F-7DFA-468D-AC59-84AC6A531C40}.Debug|Any CPU.ActiveCfg = Debug|Any CPU
		{2756A73F-7DFA-468D-AC59-84AC6A531C40}.Debug|Any CPU.Build.0 = Debug|Any CPU
		{2756A73F-7DFA-468D-AC59-84AC6A531C40}.Release|Any CPU.ActiveCfg = Release|Any CPU
		{2756A73F-7DFA-468D-AC59-84AC6A531C40}.Release|Any CPU.Build.0 = Release|Any CPU
	EndGlobalSection
	GlobalSection(SolutionProperties) = preSolution
		HideSolutionNode = FALSE
	EndGlobalSection
	GlobalSection(ExtensibilityGlobals) = postSolution
		SolutionGuid = {AFEBC062-523D-44BF-91F8-B632D4065459}
	EndGlobalSection
EndGlobal
